
Microsoft Visual Studio Solution File, Format Version 12.00
# Visual Studio Version 17
VisualStudioVersion = 17.6.33829.357
MinimumVisualStudioVersion = 10.0.40219.1
Project("{FAE04EC0-301F-11D3-BF4B-00C04F79EFBC}") = "MahadevEnterprise", "MahadevEnterprise\MahadevEnterprise.csproj", "{EA0A1B43-E598-4DEB-9494-7AF84E92E5AF}"
EndProject
Global
	GlobalSection(SolutionConfigurationPlatforms) = preSolution
		Debug|Any CPU = Debug|Any CPU
		Release|Any CPU = Release|Any CPU
	EndGlobalSection
	GlobalSection(ProjectConfigurationPlatforms) = postSolution
		{EA0A1B43-E598-4DEB-9494-7AF84E92E5AF}.Debug|Any CPU.ActiveCfg = Debug|Any CPU
		{EA0A1B43-E598-4DEB-9494-7AF84E92E5AF}.Debug|Any CPU.Build.0 = Debug|Any CPU
		{EA0A1B43-E598-4DEB-9494-7AF84E92E5AF}.Release|Any CPU.ActiveCfg = Release|Any CPU
		{EA0A1B43-E598-4DEB-9494-7AF84E92E5AF}.Release|Any CPU.Build.0 = Release|Any CPU
	EndGlobalSection
	GlobalSection(SolutionProperties) = preSolution
		HideSolutionNode = FALSE
	EndGlobalSection
	GlobalSection(ExtensibilityGlobals) = postSolution
		SolutionGuid = {38042326-0712-4224-9A0D-423BF9CBE39E}
	EndGlobalSection
EndGlobal
